// !$*UTF8*$!
{
	archiveVersion = 1;
	classes = {
	};
	objectVersion = 46;
	objects = {

/* Begin PBXBuildFile section */
		566EFE511CD255100060B8C4 /* AppDelegate.swift in Sources */ = {isa = PBXBuildFile; fileRef = 566EFE501CD255100060B8C4 /* AppDelegate.swift */; };
		566EFE561CD255100060B8C4 /* Main.storyboard in Resources */ = {isa = PBXBuildFile; fileRef = 566EFE541CD255100060B8C4 /* Main.storyboard */; };
		566EFE581CD255100060B8C4 /* Assets.xcassets in Resources */ = {isa = PBXBuildFile; fileRef = 566EFE571CD255100060B8C4 /* Assets.xcassets */; };
		566EFE5B1CD255100060B8C4 /* LaunchScreen.storyboard in Resources */ = {isa = PBXBuildFile; fileRef = 566EFE591CD255100060B8C4 /* LaunchScreen.storyboard */; };
		566EFE631CD255BC0060B8C4 /* TableViewController.swift in Sources */ = {isa = PBXBuildFile; fileRef = 566EFE621CD255BC0060B8C4 /* TableViewController.swift */; };
		566EFE651CD261880060B8C4 /* BookInfo.swift in Sources */ = {isa = PBXBuildFile; fileRef = 566EFE641CD261880060B8C4 /* BookInfo.swift */; };
/* End PBXBuildFile section */

/* Begin PBXFileReference section */
		566EFE4D1CD255100060B8C4 /* BSMS1.app */ = {isa = PBXFileReference; explicitFileType = wrapper.application; includeInIndex = 0; path = BSMS1.app; sourceTree = BUILT_PRODUCTS_DIR; };
		566EFE501CD255100060B8C4 /* AppDelegate.swift */ = {isa = PBXFileReference; lastKnownFileType = sourcecode.swift; path = AppDelegate.swift; sourceTree = "<group>"; };
		566EFE551CD255100060B8C4 /* Base */ = {isa = PBXFileReference; lastKnownFileType = file.storyboard; name = Base; path = Base.lproj/Main.storyboard; sourceTree = "<group>"; };
		566EFE571CD255100060B8C4 /* Assets.xcassets */ = {isa = PBXFileReference; lastKnownFileType = folder.assetcatalog; path = Assets.xcassets; sourceTree = "<group>"; };
		566EFE5A1CD255100060B8C4 /* Base */ = {isa = PBXFileReference; lastKnownFileType = file.storyboard; name = Base; path = Base.lproj/LaunchScreen.storyboard; sourceTree = "<group>"; };
		566EFE5C1CD255100060B8C4 /* Info.plist */ = {isa = PBXFileReference; lastKnownFileType = text.plist.xml; path = Info.plist; sourceTree = "<group>"; };
		566EFE621CD255BC0060B8C4 /* TableViewController.swift */ = {isa = PBXFileReference; fileEncoding = 4; lastKnownFileType = sourcecode.swift; path = TableViewController.swift; sourceTree = "<group>"; };
		566EFE641CD261880060B8C4 /* BookInfo.swift */ = {isa = PBXFileReference; fileEncoding = 4; lastKnownFileType = sourcecode.swift; path = BookInfo.swift; sourceTree = "<group>"; };
/* End PBXFileReference section */

/* Begin PBXFrameworksBuildPhase section */
		566EFE4A1CD255100060B8C4 /* Frameworks */ = {
			isa = PBXFrameworksBuildPhase;
			buildActionMask = 2147483647;
			files = (
			);
			runOnlyForDeploymentPostprocessing = 0;
		};
/* End PBXFrameworksBuildPhase section */

/* Begin PBXGroup section */
		566EFE441CD255100060B8C4 = {
			isa = PBXGroup;
			children = (
				566EFE4F1CD255100060B8C4 /* BSMS1 */,
				566EFE4E1CD255100060B8C4 /* Products */,
			);
			sourceTree = "<group>";
		};
		566EFE4E1CD255100060B8C4 /* Products */ = {
			isa = PBXGroup;
			children = (
				566EFE4D1CD255100060B8C4 /* BSMS1.app */,
			);
			name = Products;
			sourceTree = "<group>";
		};
		566EFE4F1CD255100060B8C4 /* BSMS1 */ = {
			isa = PBXGroup;
			children = (
				566EFE501CD255100060B8C4 /* AppDelegate.swift */,
				566EFE541CD255100060B8C4 /* Main.storyboard */,
				566EFE571CD255100060B8C4 /* Assets.xcassets */,
				566EFE591CD255100060B8C4 /* LaunchScreen.storyboard */,
				566EFE5C1CD255100060B8C4 /* Info.plist */,
				566EFE621CD255BC0060B8C4 /* TableViewController.swift */,
				566EFE641CD261880060B8C4 /* BookInfo.swift */,
			);
			path = BSMS1;
			sourceTree = "<group>";
		};
/* End PBXGroup section */

/* Begin PBXNativeTarget section */
		566EFE4C1CD255100060B8C4 /* BSMS1 */ = {
			isa = PBXNativeTarget;
			buildConfigurationList = 566EFE5F1CD255100060B8C4 /* Build configuration list for PBXNativeTarget "BSMS1" */;
			buildPhases = (
				566EFE491CD255100060B8C4 /* Sources */,
				566EFE4A1CD255100060B8C4 /* Frameworks */,
				566EFE4B1CD255100060B8C4 /* Resources */,
			);
			buildRules = (
			);
			dependencies = (
			);
			name = BSMS1;
			productName = BSMS1;
			productReference = 566EFE4D1CD255100060B8C4 /* BSMS1.app */;
			productType = "com.apple.product-type.application";
		};
/* End PBXNativeTarget section */

/* Begin PBXProject section */
		566EFE451CD255100060B8C4 /* Project object */ = {
			isa = PBXProject;
			attributes = {
				LastSwiftUpdateCheck = 0730;
				LastUpgradeCheck = 0730;
				ORGANIZATIONNAME = ChenXin;
				TargetAttributes = {
					566EFE4C1CD255100060B8C4 = {
						CreatedOnToolsVersion = 7.3;
						DevelopmentTeam = A84NV4F2MU;
					};
				};
			};
			buildConfigurationList = 566EFE481CD255100060B8C4 /* Build configuration list for PBXProject "BSMS1" */;
			compatibilityVersion = "Xcode 3.2";
			developmentRegion = English;
			hasScannedForEncodings = 0;
			knownRegions = (
				en,
				Base,
			);
			mainGroup = 566EFE441CD255100060B8C4;
			productRefGroup = 566EFE4E1CD255100060B8C4 /* Products */;
			projectDirPath = "";
			projectRoot = "";
			targets = (
				566EFE4C1CD255100060B8C4 /* BSMS1 */,
			);
		};
/* End PBXProject section */

/* Begin PBXResourcesBuildPhase section */
		566EFE4B1CD255100060B8C4 /* Resources */ = {
			isa = PBXResourcesBuildPhase;
			buildActionMask = 2147483647;
			files = (
				566EFE5B1CD255100060B8C4 /* LaunchScreen.storyboard in Resources */,
				566EFE581CD255100060B8C4 /* Assets.xcassets in Resources */,
				566EFE561CD255100060B8C4 /* Main.storyboard in Resources */,
			);
			runOnlyForDeploymentPostprocessing = 0;
		};
/* End PBXResourcesBuildPhase section */

/* Begin PBXSourcesBuildPhase section */
		566EFE491CD255100060B8C4 /* Sources */ = {
			isa = PBXSourcesBuildPhase;
			buildActionMask = 2147483647;
			files = (
				566EFE651CD261880060B8C4 /* BookInfo.swift in Sources */,
				566EFE511CD255100060B8C4 /* AppDelegate.swift in Sources */,
				566EFE631CD255BC0060B8C4 /* TableViewController.swift in Sources */,
			);
			runOnlyForDeploymentPostprocessing = 0;
		};
/* End PBXSourcesBuildPhase section */

/* Begin PBXVariantGroup section */
		566EFE541CD255100060B8C4 /* Main.storyboard */ = {
			isa = PBXVariantGroup;
			children = (
				566EFE551CD255100060B8C4 /* Base */,
			);
			name = Main.storyboard;
			sourceTree = "<group>";
		};
		566EFE591CD255100060B8C4 /* LaunchScreen.storyboard */ = {
			isa = PBXVariantGroup;
			children = (
				566EFE5A1CD255100060B8C4 /* Base */,
			);
			name = LaunchScreen.storyboard;
			sourceTree = "<group>";
		};
/* End PBXVariantGroup section */

/* Begin XCBuildConfiguration section */
		566EFE5D1CD255100060B8C4 /* Debug */ = {
			isa = XCBuildConfiguration;
			buildSettings = {
				ALWAYS_SEARCH_USER_PATHS = NO;
				CLANG_ANALYZER_NONNULL = YES;
				CLANG_CXX_LANGUAGE_STANDARD = "gnu++0x";
				CLANG_CXX_LIBRARY = "libc++";
				CLANG_ENABLE_MODULES = YES;
				CLANG_ENABLE_OBJC_ARC = YES;
				CLANG_WARN_BOOL_CONVERSION = YES;
				CLANG_WARN_CONSTANT_CONVERSION = YES;
				CLANG_WARN_DIRECT_OBJC_ISA_USAGE = YES_ERROR;
				CLANG_WARN_EMPTY_BODY = YES;
				CLANG_WARN_ENUM_CONVERSION = YES;
				CLANG_WARN_INT_CONVERSION = YES;
				CLANG_WARN_OBJC_ROOT_CLASS = YES_ERROR;
				CLANG_WARN_UNREACHABLE_CODE = YES;
				CLANG_WARN__DUPLICATE_METHOD_MATCH = YES;
				"CODE_SIGN_IDENTITY[sdk=iphoneos*]" = "iPhone Developer";
				COPY_PHASE_STRIP = NO;
				DEBUG_INFORMATION_FORMAT = dwarf;
				ENABLE_STRICT_OBJC_MSGSEND = YES;
				ENABLE_TESTABILITY = YES;
				GCC_C_LANGUAGE_STANDARD = gnu99;
				GCC_DYNAMIC_NO_PIC = NO;
				GCC_NO_COMMON_BLOCKS = YES;
				GCC_OPTIMIZATION_LEVEL = 0;
				GCC_PREPROCESSOR_DEFINITIONS = (
					"DEBUG=1",
					"$(inherited)",
				);
				GCC_WARN_64_TO_32_BIT_CONVERSION = YES;
				GCC_WARN_ABOUT_RETURN_TYPE = YES_ERROR;
				GCC_WARN_UNDECLARED_SELECTOR = YES;
				GCC_WARN_UNINITIALIZED_AUTOS = YES_AGGRESSIVE;
				GCC_WARN_UNUSED_FUNCTION = YES;
				GCC_WARN_UNUSED_VARIABLE = YES;
				IPHONEOS_DEPLOYMENT_TARGET = 9.3;
				MTL_ENABLE_DEBUG_INFO = YES;
				ONLY_ACTIVE_ARCH = YES;
				SDKROOT = iphoneos;
				SWIFT_OPTIMIZATION_LEVEL = "-Onone";
			};
			name = Debug;
		};
		566EFE5E1CD255100060B8C4 /* Release */ = {
			isa = XCBuildConfiguration;
			buildSettings = {
				ALWAYS_SEARCH_USER_PATHS = NO;
				CLANG_ANALYZER_NONNULL = YES;
				CLANG_CXX_LANGUAGE_STANDARD = "gnu++0x";
				CLANG_CXX_LIBRARY = "libc++";
				CLANG_ENABLE_MODULES = YES;
				CLANG_ENABLE_OBJC_ARC = YES;
				CLANG_WARN_BOOL_CONVERSION = YES;
				CLANG_WARN_CONSTANT_CONVERSION = YES;
				CLANG_WARN_DIRECT_OBJC_ISA_USAGE = YES_ERROR;
				CLANG_WARN_EMPTY_BODY = YES;
				CLANG_WARN_ENUM_CONVERSION = YES;
				CLANG_WARN_INT_CONVERSION = YES;
				CLANG_WARN_OBJC_ROOT_CLASS = YES_ERROR;
				CLANG_WARN_UNREACHABLE_CODE = YES;
				CLANG_WARN__DUPLICATE_METHOD_MATCH = YES;
				"CODE_SIGN_IDENTITY[sdk=iphoneos*]" = "iPhone Developer";
				COPY_PHASE_STRIP = NO;
				DEBUG_INFORMATION_FORMAT = "dwarf-with-dsym";
				ENABLE_NS_ASSERTIONS = NO;
				ENABLE_STRICT_OBJC_MSGSEND = YES;
				GCC_C_LANGUAGE_STANDARD = gnu99;
				GCC_NO_COMMON_BLOCKS = YES;
				GCC_WARN_64_TO_32_BIT_CONVERSION = YES;
				GCC_WARN_ABOUT_RETURN_TYPE = YES_ERROR;
				GCC_WARN_UNDECLARED_SELECTOR = YES;
				GCC_WARN_UNINITIALIZED_AUTOS = YES_AGGRESSIVE;
				GCC_WARN_UNUSED_FUNCTION = YES;
				GCC_WARN_UNUSED_VARIABLE = YES;
				IPHONEOS_DEPLOYMENT_TARGET = 9.3;
				MTL_ENABLE_DEBUG_INFO = NO;
				SDKROOT = iphoneos;
				VALIDATE_PRODUCT = YES;
			};
			name = Release;
		};
		566EFE601CD255100060B8C4 /* Debug */ = {
			isa = XCBuildConfiguration;
			buildSettings = {
				ASSETCATALOG_COMPILER_APPICON_NAME = AppIcon;
				INFOPLIST_FILE = BSMS1/Info.plist;
				LD_RUNPATH_SEARCH_PATHS = "$(inherited) @executable_path/Frameworks";
				PRODUCT_BUNDLE_IDENTIFIER = liuchuo.net.BSMS1;
				PRODUCT_NAME = "$(TARGET_NAME)";
			};
			name = Debug;
		};
		566EFE611CD255100060B8C4 /* Release */ = {
			isa = XCBuildConfiguration;
			buildSettings = {
				ASSETCATALOG_COMPILER_APPICON_NAME = AppIcon;
				INFOPLIST_FILE = BSMS1/Info.plist;
				LD_RUNPATH_SEARCH_PATHS = "$(inherited) @executable_path/Frameworks";
				PRODUCT_BUNDLE_IDENTIFIER = liuchuo.net.BSMS1;
				PRODUCT_NAME = "$(TARGET_NAME)";
			};
			name = Release;
		};
/* End XCBuildConfiguration section */

/* Begin XCConfigurationList section */
		566EFE481CD255100060B8C4 /* Build configuration list for PBXProject "BSMS1" */ = {
			isa = XCConfigurationList;
			buildConfigurations = (
				566EFE5D1CD255100060B8C4 /* Debug */,
				566EFE5E1CD255100060B8C4 /* Release */,
			);
			defaultConfigurationIsVisible = 0;
			defaultConfigurationName = Release;
		};
		566EFE5F1CD255100060B8C4 /* Build configuration list for PBXNativeTarget "BSMS1" */ = {
			isa = XCConfigurationList;
			buildConfigurations = (
				566EFE601CD255100060B8C4 /* Debug */,
				566EFE611CD255100060B8C4 /* Release */,
			);
			defaultConfigurationIsVisible = 0;
		};
/* End XCConfigurationList section */
	};
	rootObject = 566EFE451CD255100060B8C4 /* Project object */;
}
